
Microsoft Visual Studio Solution File, Format Version 12.00
# Visual Studio Version 17
VisualStudioVersion = 17.0.31903.59
MinimumVisualStudioVersion = 10.0.40219.1
Project("{2150E333-8FDC-42A3-9474-1A3956D46DE8}") = "src", "src", "{8B89D80E-EF64-455F-BBB1-6A462A278083}"
EndProject
Project("{FAE04EC0-301F-11D3-BF4B-00C04F79EFBC}") = "Lumen.Core", "src\Lumen.Core\Lumen.Core.csproj", "{AB69FFEE-785D-489C-BA83-55106C344229}"
EndProject
Project("{FAE04EC0-301F-11D3-BF4B-00C04F79EFBC}") = "Lumen.App", "src\Lumen.App\Lumen.App.csproj", "{D2192AC7-3BB0-4ECD-BAF4-EDAE69ABEEDE}"
EndProject
Project("{2150E333-8FDC-42A3-9474-1A3956D46DE8}") = "tests", "tests", "{0498527E-BAD2-44A6-9A3B-13390BEC2517}"
EndProject
Project("{FAE04EC0-301F-11D3-BF4B-00C04F79EFBC}") = "Lumen.Core.Tests", "tests\Lumen.Core.Tests\Lumen.Core.Tests.csproj", "{722B8ED0-A019-4123-8465-C3A1820F5011}"
EndProject
Global
	GlobalSection(SolutionConfigurationPlatforms) = preSolution
		Debug|Any CPU = Debug|Any CPU
		Release|Any CPU = Release|Any CPU
	EndGlobalSection
	GlobalSection(SolutionProperties) = preSolution
		HideSolutionNode = FALSE
	EndGlobalSection
	GlobalSection(ProjectConfigurationPlatforms) = postSolution
		{AB69FFEE-785D-489C-BA83-55106C344229}.Debug|Any CPU.ActiveCfg = Debug|Any CPU
		{AB69FFEE-785D-489C-BA83-55106C344229}.Debug|Any CPU.Build.0 = Debug|Any CPU
		{AB69FFEE-785D-489C-BA83-55106C344229}.Release|Any CPU.ActiveCfg = Release|Any CPU
		{AB69FFEE-785D-489C-BA83-55106C344229}.Release|Any CPU.Build.0 = Release|Any CPU
		{D2192AC7-3BB0-4ECD-BAF4-EDAE69ABEEDE}.Debug|Any CPU.ActiveCfg = Debug|Any CPU
		{D2192AC7-3BB0-4ECD-BAF4-EDAE69ABEEDE}.Debug|Any CPU.Build.0 = Debug|Any CPU
		{D2192AC7-3BB0-4ECD-BAF4-EDAE69ABEEDE}.Release|Any CPU.ActiveCfg = Release|Any CPU
		{D2192AC7-3BB0-4ECD-BAF4-EDAE69ABEEDE}.Release|Any CPU.Build.0 = Release|Any CPU
		{722B8ED0-A019-4123-8465-C3A1820F5011}.Debug|Any CPU.ActiveCfg = Debug|Any CPU
		{722B8ED0-A019-4123-8465-C3A1820F5011}.Debug|Any CPU.Build.0 = Debug|Any CPU
		{722B8ED0-A019-4123-8465-C3A1820F5011}.Release|Any CPU.ActiveCfg = Release|Any CPU
		{722B8ED0-A019-4123-8465-C3A1820F5011}.Release|Any CPU.Build.0 = Release|Any CPU
	EndGlobalSection
	GlobalSection(NestedProjects) = preSolution
		{AB69FFEE-785D-489C-BA83-55106C344229} = {8B89D80E-EF64-455F-BBB1-6A462A278083}
		{D2192AC7-3BB0-4ECD-BAF4-EDAE69ABEEDE} = {8B89D80E-EF64-455F-BBB1-6A462A278083}
		{722B8ED0-A019-4123-8465-C3A1820F5011} = {0498527E-BAD2-44A6-9A3B-13390BEC2517}
	EndGlobalSection
EndGlobal
